
Microsoft Visual Studio Solution File, Format Version 12.00
# Visual Studio Version 17
VisualStudioVersion = 17.8.34511.84
MinimumVisualStudioVersion = 10.0.40219.1
Project("{9A19103F-16F7-4668-BE54-9A1E7A4F7556}") = "ApiFinalPelisAWS", "ApiFinalPelisAWS\ApiFinalPelisAWS.csproj", "{55AEA594-2992-414D-9359-BB944C6AF3A4}"
EndProject
Global
	GlobalSection(SolutionConfigurationPlatforms) = preSolution
		Debug|Any CPU = Debug|Any CPU
		Release|Any CPU = Release|Any CPU
	EndGlobalSection
	GlobalSection(ProjectConfigurationPlatforms) = postSolution
		{55AEA594-2992-414D-9359-BB944C6AF3A4}.Debug|Any CPU.ActiveCfg = Debug|Any CPU
		{55AEA594-2992-414D-9359-BB944C6AF3A4}.Debug|Any CPU.Build.0 = Debug|Any CPU
		{55AEA594-2992-414D-9359-BB944C6AF3A4}.Release|Any CPU.ActiveCfg = Release|Any CPU
		{55AEA594-2992-414D-9359-BB944C6AF3A4}.Release|Any CPU.Build.0 = Release|Any CPU
	EndGlobalSection
	GlobalSection(SolutionProperties) = preSolution
		HideSolutionNode = FALSE
	EndGlobalSection
	GlobalSection(ExtensibilityGlobals) = postSolution
		SolutionGuid = {17DA54AB-5C9A-44F6-BDFC-ECFBFE8DCD11}
	EndGlobalSection
EndGlobal
